
Microsoft Visual Studio Solution File, Format Version 12.00
# Visual Studio Version 17
VisualStudioVersion = 17.5.33516.290
MinimumVisualStudioVersion = 10.0.40219.1
Project("{FAE04EC0-301F-11D3-BF4B-00C04F79EFBC}") = "SaiVanQuangTruong_62134429", "SaiVanQuangTruong_62134429\SaiVanQuangTruong_62134429.csproj", "{91CCD37B-AED2-4081-85D9-BD05D8CB6439}"
EndProject
Global
	GlobalSection(SolutionConfigurationPlatforms) = preSolution
		Debug|Any CPU = Debug|Any CPU
		Release|Any CPU = Release|Any CPU
	EndGlobalSection
	GlobalSection(ProjectConfigurationPlatforms) = postSolution
		{91CCD37B-AED2-4081-85D9-BD05D8CB6439}.Debug|Any CPU.ActiveCfg = Debug|Any CPU
		{91CCD37B-AED2-4081-85D9-BD05D8CB6439}.Debug|Any CPU.Build.0 = Debug|Any CPU
		{91CCD37B-AED2-4081-85D9-BD05D8CB6439}.Release|Any CPU.ActiveCfg = Release|Any CPU
		{91CCD37B-AED2-4081-85D9-BD05D8CB6439}.Release|Any CPU.Build.0 = Release|Any CPU
	EndGlobalSection
	GlobalSection(SolutionProperties) = preSolution
		HideSolutionNode = FALSE
	EndGlobalSection
	GlobalSection(ExtensibilityGlobals) = postSolution
		SolutionGuid = {4B5D2F1B-DCF6-403A-920B-B9937638C6D9}
	EndGlobalSection
EndGlobal
